
Microsoft Visual Studio Solution File, Format Version 12.00
# Visual Studio Version 17
VisualStudioVersion = 17.3.32901.215
MinimumVisualStudioVersion = 10.0.40219.1
Project("{FAE04EC0-301F-11D3-BF4B-00C04F79EFBC}") = "MovieAppCRUD", "MovieAppCRUD\MovieAppCRUD.csproj", "{AA8A1805-4331-4664-9A4B-E2AF05E94C78}"
EndProject
Global
	GlobalSection(SolutionConfigurationPlatforms) = preSolution
		Debug|Any CPU = Debug|Any CPU
		Release|Any CPU = Release|Any CPU
	EndGlobalSection
	GlobalSection(ProjectConfigurationPlatforms) = postSolution
		{AA8A1805-4331-4664-9A4B-E2AF05E94C78}.Debug|Any CPU.ActiveCfg = Debug|Any CPU
		{AA8A1805-4331-4664-9A4B-E2AF05E94C78}.Debug|Any CPU.Build.0 = Debug|Any CPU
		{AA8A1805-4331-4664-9A4B-E2AF05E94C78}.Release|Any CPU.ActiveCfg = Release|Any CPU
		{AA8A1805-4331-4664-9A4B-E2AF05E94C78}.Release|Any CPU.Build.0 = Release|Any CPU
	EndGlobalSection
	GlobalSection(SolutionProperties) = preSolution
		HideSolutionNode = FALSE
	EndGlobalSection
	GlobalSection(ExtensibilityGlobals) = postSolution
		SolutionGuid = {0E947C33-1209-466A-9579-7C83DB762A4A}
	EndGlobalSection
EndGlobal
